
Microsoft Visual Studio Solution File, Format Version 12.00
# Visual Studio 15
VisualStudioVersion = 15.0.28010.2046
MinimumVisualStudioVersion = 10.0.40219.1
Project("{FAE04EC0-301F-11D3-BF4B-00C04F79EFBC}") = "Lab1pop", "Lab1pop\Lab1pop.csproj", "{18BB26EB-8F6C-4455-A7A2-FDF9AD38FCEB}"
EndProject
Global
	GlobalSection(SolutionConfigurationPlatforms) = preSolution
		Debug|Any CPU = Debug|Any CPU
		Release|Any CPU = Release|Any CPU
	EndGlobalSection
	GlobalSection(ProjectConfigurationPlatforms) = postSolution
		{18BB26EB-8F6C-4455-A7A2-FDF9AD38FCEB}.Debug|Any CPU.ActiveCfg = Debug|Any CPU
		{18BB26EB-8F6C-4455-A7A2-FDF9AD38FCEB}.Debug|Any CPU.Build.0 = Debug|Any CPU
		{18BB26EB-8F6C-4455-A7A2-FDF9AD38FCEB}.Release|Any CPU.ActiveCfg = Release|Any CPU
		{18BB26EB-8F6C-4455-A7A2-FDF9AD38FCEB}.Release|Any CPU.Build.0 = Release|Any CPU
	EndGlobalSection
	GlobalSection(SolutionProperties) = preSolution
		HideSolutionNode = FALSE
	EndGlobalSection
	GlobalSection(ExtensibilityGlobals) = postSolution
		SolutionGuid = {889C9F72-1D00-4FF3-AADB-8A382A9031BD}
	EndGlobalSection
EndGlobal
